
Microsoft Visual Studio Solution File, Format Version 12.00
# Visual Studio Version 16
VisualStudioVersion = 16.0.30804.86
MinimumVisualStudioVersion = 10.0.40219.1
Project("{FAE04EC0-301F-11D3-BF4B-00C04F79EFBC}") = "FoodMatcherApp", "FoodMatcherApp\FoodMatcherApp.csproj", "{A7A03D76-858D-436A-A084-2AFA40CD2DBE}"
EndProject
Global
	GlobalSection(SolutionConfigurationPlatforms) = preSolution
		Debug|Any CPU = Debug|Any CPU
		Release|Any CPU = Release|Any CPU
	EndGlobalSection
	GlobalSection(ProjectConfigurationPlatforms) = postSolution
		{A7A03D76-858D-436A-A084-2AFA40CD2DBE}.Debug|Any CPU.ActiveCfg = Debug|Any CPU
		{A7A03D76-858D-436A-A084-2AFA40CD2DBE}.Debug|Any CPU.Build.0 = Debug|Any CPU
		{A7A03D76-858D-436A-A084-2AFA40CD2DBE}.Release|Any CPU.ActiveCfg = Release|Any CPU
		{A7A03D76-858D-436A-A084-2AFA40CD2DBE}.Release|Any CPU.Build.0 = Release|Any CPU
	EndGlobalSection
	GlobalSection(SolutionProperties) = preSolution
		HideSolutionNode = FALSE
	EndGlobalSection
	GlobalSection(ExtensibilityGlobals) = postSolution
		SolutionGuid = {7C675640-6716-49D6-9F82-181DDDBB78B9}
	EndGlobalSection
EndGlobal
