
Microsoft Visual Studio Solution File, Format Version 12.00
# Visual Studio Version 16
VisualStudioVersion = 16.0.30804.86
MinimumVisualStudioVersion = 10.0.40219.1
Project("{9A19103F-16F7-4668-BE54-9A1E7A4F7556}") = "FoodMatcherApp", "FoodMatcherApp\FoodMatcherApp.csproj", "{9585B728-14C6-4F39-936C-ED25D4A8569B}"
EndProject
Global
	GlobalSection(SolutionConfigurationPlatforms) = preSolution
		Debug|Any CPU = Debug|Any CPU
		Release|Any CPU = Release|Any CPU
	EndGlobalSection
	GlobalSection(ProjectConfigurationPlatforms) = postSolution
		{9585B728-14C6-4F39-936C-ED25D4A8569B}.Debug|Any CPU.ActiveCfg = Debug|Any CPU
		{9585B728-14C6-4F39-936C-ED25D4A8569B}.Debug|Any CPU.Build.0 = Debug|Any CPU
		{9585B728-14C6-4F39-936C-ED25D4A8569B}.Release|Any CPU.ActiveCfg = Release|Any CPU
		{9585B728-14C6-4F39-936C-ED25D4A8569B}.Release|Any CPU.Build.0 = Release|Any CPU
	EndGlobalSection
	GlobalSection(SolutionProperties) = preSolution
		HideSolutionNode = FALSE
	EndGlobalSection
	GlobalSection(ExtensibilityGlobals) = postSolution
		SolutionGuid = {C2E41694-528B-453F-8377-C33BC69FA2AD}
	EndGlobalSection
EndGlobal
